
Microsoft Visual Studio Solution File, Format Version 12.00
# Visual Studio Version 17
VisualStudioVersion = 17.0.31903.59
MinimumVisualStudioVersion = 10.0.40219.1
Project("{FAE04EC0-301F-11D3-BF4B-00C04F79EFBC}") = "CarFix.API", "CarFix.API\CarFix.API.csproj", "{3275E873-D3CC-4A48-9DFA-A1116A4E9693}"
EndProject
Project("{FAE04EC0-301F-11D3-BF4B-00C04F79EFBC}") = "CarFix.Domain", "CarFix.Domain\CarFix.Domain.csproj", "{F60E5E6E-1FC7-4A86-AF15-F2EC9F3C822C}"
EndProject
Project("{FAE04EC0-301F-11D3-BF4B-00C04F79EFBC}") = "CarFix.BusinessLayer", "CarFix.BusinessLayer\CarFix.BusinessLayer.csproj", "{F012B1DA-D578-415C-9F78-5E3055E40AC2}"
EndProject
Project("{FAE04EC0-301F-11D3-BF4B-00C04F79EFBC}") = "CarFix.DataAccess", "CarFix.DataAccess\CarFix.DataAccess.csproj", "{F3D50AED-F6B1-4B63-B430-9DEB7A244AE5}"
EndProject
Global
	GlobalSection(SolutionConfigurationPlatforms) = preSolution
		Debug|Any CPU = Debug|Any CPU
		Debug|x64 = Debug|x64
		Debug|x86 = Debug|x86
		Release|Any CPU = Release|Any CPU
		Release|x64 = Release|x64
		Release|x86 = Release|x86
	EndGlobalSection
	GlobalSection(ProjectConfigurationPlatforms) = postSolution
		{3275E873-D3CC-4A48-9DFA-A1116A4E9693}.Debug|Any CPU.ActiveCfg = Debug|Any CPU
		{3275E873-D3CC-4A48-9DFA-A1116A4E9693}.Debug|Any CPU.Build.0 = Debug|Any CPU
		{3275E873-D3CC-4A48-9DFA-A1116A4E9693}.Debug|x64.ActiveCfg = Debug|Any CPU
		{3275E873-D3CC-4A48-9DFA-A1116A4E9693}.Debug|x64.Build.0 = Debug|Any CPU
		{3275E873-D3CC-4A48-9DFA-A1116A4E9693}.Debug|x86.ActiveCfg = Debug|Any CPU
		{3275E873-D3CC-4A48-9DFA-A1116A4E9693}.Debug|x86.Build.0 = Debug|Any CPU
		{3275E873-D3CC-4A48-9DFA-A1116A4E9693}.Release|Any CPU.ActiveCfg = Release|Any CPU
		{3275E873-D3CC-4A48-9DFA-A1116A4E9693}.Release|Any CPU.Build.0 = Release|Any CPU
		{3275E873-D3CC-4A48-9DFA-A1116A4E9693}.Release|x64.ActiveCfg = Release|Any CPU
		{3275E873-D3CC-4A48-9DFA-A1116A4E9693}.Release|x64.Build.0 = Release|Any CPU
		{3275E873-D3CC-4A48-9DFA-A1116A4E9693}.Release|x86.ActiveCfg = Release|Any CPU
		{3275E873-D3CC-4A48-9DFA-A1116A4E9693}.Release|x86.Build.0 = Release|Any CPU
		{F60E5E6E-1FC7-4A86-AF15-F2EC9F3C822C}.Debug|Any CPU.ActiveCfg = Debug|Any CPU
		{F60E5E6E-1FC7-4A86-AF15-F2EC9F3C822C}.Debug|Any CPU.Build.0 = Debug|Any CPU
		{F60E5E6E-1FC7-4A86-AF15-F2EC9F3C822C}.Debug|x64.ActiveCfg = Debug|Any CPU
		{F60E5E6E-1FC7-4A86-AF15-F2EC9F3C822C}.Debug|x64.Build.0 = Debug|Any CPU
		{F60E5E6E-1FC7-4A86-AF15-F2EC9F3C822C}.Debug|x86.ActiveCfg = Debug|Any CPU
		{F60E5E6E-1FC7-4A86-AF15-F2EC9F3C822C}.Debug|x86.Build.0 = Debug|Any CPU
		{F60E5E6E-1FC7-4A86-AF15-F2EC9F3C822C}.Release|Any CPU.ActiveCfg = Release|Any CPU
		{F60E5E6E-1FC7-4A86-AF15-F2EC9F3C822C}.Release|Any CPU.Build.0 = Release|Any CPU
		{F60E5E6E-1FC7-4A86-AF15-F2EC9F3C822C}.Release|x64.ActiveCfg = Release|Any CPU
		{F60E5E6E-1FC7-4A86-AF15-F2EC9F3C822C}.Release|x64.Build.0 = Release|Any CPU
		{F60E5E6E-1FC7-4A86-AF15-F2EC9F3C822C}.Release|x86.ActiveCfg = Release|Any CPU
		{F60E5E6E-1FC7-4A86-AF15-F2EC9F3C822C}.Release|x86.Build.0 = Release|Any CPU
		{F012B1DA-D578-415C-9F78-5E3055E40AC2}.Debug|Any CPU.ActiveCfg = Debug|Any CPU
		{F012B1DA-D578-415C-9F78-5E3055E40AC2}.Debug|Any CPU.Build.0 = Debug|Any CPU
		{F012B1DA-D578-415C-9F78-5E3055E40AC2}.Debug|x64.ActiveCfg = Debug|Any CPU
		{F012B1DA-D578-415C-9F78-5E3055E40AC2}.Debug|x64.Build.0 = Debug|Any CPU
		{F012B1DA-D578-415C-9F78-5E3055E40AC2}.Debug|x86.ActiveCfg = Debug|Any CPU
		{F012B1DA-D578-415C-9F78-5E3055E40AC2}.Debug|x86.Build.0 = Debug|Any CPU
		{F012B1DA-D578-415C-9F78-5E3055E40AC2}.Release|Any CPU.ActiveCfg = Release|Any CPU
		{F012B1DA-D578-415C-9F78-5E3055E40AC2}.Release|Any CPU.Build.0 = Release|Any CPU
		{F012B1DA-D578-415C-9F78-5E3055E40AC2}.Release|x64.ActiveCfg = Release|Any CPU
		{F012B1DA-D578-415C-9F78-5E3055E40AC2}.Release|x64.Build.0 = Release|Any CPU
		{F012B1DA-D578-415C-9F78-5E3055E40AC2}.Release|x86.ActiveCfg = Release|Any CPU
		{F012B1DA-D578-415C-9F78-5E3055E40AC2}.Release|x86.Build.0 = Release|Any CPU
		{F3D50AED-F6B1-4B63-B430-9DEB7A244AE5}.Debug|Any CPU.ActiveCfg = Debug|Any CPU
		{F3D50AED-F6B1-4B63-B430-9DEB7A244AE5}.Debug|Any CPU.Build.0 = Debug|Any CPU
		{F3D50AED-F6B1-4B63-B430-9DEB7A244AE5}.Debug|x64.ActiveCfg = Debug|Any CPU
		{F3D50AED-F6B1-4B63-B430-9DEB7A244AE5}.Debug|x64.Build.0 = Debug|Any CPU
		{F3D50AED-F6B1-4B63-B430-9DEB7A244AE5}.Debug|x86.ActiveCfg = Debug|Any CPU
		{F3D50AED-F6B1-4B63-B430-9DEB7A244AE5}.Debug|x86.Build.0 = Debug|Any CPU
		{F3D50AED-F6B1-4B63-B430-9DEB7A244AE5}.Release|Any CPU.ActiveCfg = Release|Any CPU
		{F3D50AED-F6B1-4B63-B430-9DEB7A244AE5}.Release|Any CPU.Build.0 = Release|Any CPU
		{F3D50AED-F6B1-4B63-B430-9DEB7A244AE5}.Release|x64.ActiveCfg = Release|Any CPU
		{F3D50AED-F6B1-4B63-B430-9DEB7A244AE5}.Release|x64.Build.0 = Release|Any CPU
		{F3D50AED-F6B1-4B63-B430-9DEB7A244AE5}.Release|x86.ActiveCfg = Release|Any CPU
		{F3D50AED-F6B1-4B63-B430-9DEB7A244AE5}.Release|x86.Build.0 = Release|Any CPU
	EndGlobalSection
	GlobalSection(SolutionProperties) = preSolution
		HideSolutionNode = FALSE
	EndGlobalSection
EndGlobal
